
Microsoft Visual Studio Solution File, Format Version 12.00
# Visual Studio Version 16
VisualStudioVersion = 16.6.30114.105
MinimumVisualStudioVersion = 10.0.40219.1
Project("{FAE04EC0-301F-11D3-BF4B-00C04F79EFBC}") = "SalesFly.API", "SalesFly.API\SalesFly.API.csproj", "{6B4632A9-3EA4-479D-9DD3-97B97216CB95}"
EndProject
Project("{FAE04EC0-301F-11D3-BF4B-00C04F79EFBC}") = "SalesFly.UI", "SalesFly.UI\SalesFly.UI.csproj", "{D291F230-3B56-411A-9349-286068B1D2F6}"
EndProject
Project("{FAE04EC0-301F-11D3-BF4B-00C04F79EFBC}") = "SalesFly.Shared", "SalesFly.Shared\SalesFly.Shared.csproj", "{E24112C7-28C1-4F42-A7FE-0FBD4B239597}"
EndProject
Global
	GlobalSection(SolutionConfigurationPlatforms) = preSolution
		Debug|Any CPU = Debug|Any CPU
		Debug|x64 = Debug|x64
		Debug|x86 = Debug|x86
		Release|Any CPU = Release|Any CPU
		Release|x64 = Release|x64
		Release|x86 = Release|x86
	EndGlobalSection
	GlobalSection(SolutionProperties) = preSolution
		HideSolutionNode = FALSE
	EndGlobalSection
	GlobalSection(ProjectConfigurationPlatforms) = postSolution
		{6B4632A9-3EA4-479D-9DD3-97B97216CB95}.Debug|Any CPU.ActiveCfg = Debug|Any CPU
		{6B4632A9-3EA4-479D-9DD3-97B97216CB95}.Debug|Any CPU.Build.0 = Debug|Any CPU
		{6B4632A9-3EA4-479D-9DD3-97B97216CB95}.Debug|x64.ActiveCfg = Debug|Any CPU
		{6B4632A9-3EA4-479D-9DD3-97B97216CB95}.Debug|x64.Build.0 = Debug|Any CPU
		{6B4632A9-3EA4-479D-9DD3-97B97216CB95}.Debug|x86.ActiveCfg = Debug|Any CPU
		{6B4632A9-3EA4-479D-9DD3-97B97216CB95}.Debug|x86.Build.0 = Debug|Any CPU
		{6B4632A9-3EA4-479D-9DD3-97B97216CB95}.Release|Any CPU.ActiveCfg = Release|Any CPU
		{6B4632A9-3EA4-479D-9DD3-97B97216CB95}.Release|Any CPU.Build.0 = Release|Any CPU
		{6B4632A9-3EA4-479D-9DD3-97B97216CB95}.Release|x64.ActiveCfg = Release|Any CPU
		{6B4632A9-3EA4-479D-9DD3-97B97216CB95}.Release|x64.Build.0 = Release|Any CPU
		{6B4632A9-3EA4-479D-9DD3-97B97216CB95}.Release|x86.ActiveCfg = Release|Any CPU
		{6B4632A9-3EA4-479D-9DD3-97B97216CB95}.Release|x86.Build.0 = Release|Any CPU
		{D291F230-3B56-411A-9349-286068B1D2F6}.Debug|Any CPU.ActiveCfg = Debug|Any CPU
		{D291F230-3B56-411A-9349-286068B1D2F6}.Debug|Any CPU.Build.0 = Debug|Any CPU
		{D291F230-3B56-411A-9349-286068B1D2F6}.Debug|x64.ActiveCfg = Debug|Any CPU
		{D291F230-3B56-411A-9349-286068B1D2F6}.Debug|x64.Build.0 = Debug|Any CPU
		{D291F230-3B56-411A-9349-286068B1D2F6}.Debug|x86.ActiveCfg = Debug|Any CPU
		{D291F230-3B56-411A-9349-286068B1D2F6}.Debug|x86.Build.0 = Debug|Any CPU
		{D291F230-3B56-411A-9349-286068B1D2F6}.Release|Any CPU.ActiveCfg = Release|Any CPU
		{D291F230-3B56-411A-9349-286068B1D2F6}.Release|Any CPU.Build.0 = Release|Any CPU
		{D291F230-3B56-411A-9349-286068B1D2F6}.Release|x64.ActiveCfg = Release|Any CPU
		{D291F230-3B56-411A-9349-286068B1D2F6}.Release|x64.Build.0 = Release|Any CPU
		{D291F230-3B56-411A-9349-286068B1D2F6}.Release|x86.ActiveCfg = Release|Any CPU
		{D291F230-3B56-411A-9349-286068B1D2F6}.Release|x86.Build.0 = Release|Any CPU
		{E24112C7-28C1-4F42-A7FE-0FBD4B239597}.Debug|Any CPU.ActiveCfg = Debug|Any CPU
		{E24112C7-28C1-4F42-A7FE-0FBD4B239597}.Debug|Any CPU.Build.0 = Debug|Any CPU
		{E24112C7-28C1-4F42-A7FE-0FBD4B239597}.Debug|x64.ActiveCfg = Debug|Any CPU
		{E24112C7-28C1-4F42-A7FE-0FBD4B239597}.Debug|x64.Build.0 = Debug|Any CPU
		{E24112C7-28C1-4F42-A7FE-0FBD4B239597}.Debug|x86.ActiveCfg = Debug|Any CPU
		{E24112C7-28C1-4F42-A7FE-0FBD4B239597}.Debug|x86.Build.0 = Debug|Any CPU
		{E24112C7-28C1-4F42-A7FE-0FBD4B239597}.Release|Any CPU.ActiveCfg = Release|Any CPU
		{E24112C7-28C1-4F42-A7FE-0FBD4B239597}.Release|Any CPU.Build.0 = Release|Any CPU
		{E24112C7-28C1-4F42-A7FE-0FBD4B239597}.Release|x64.ActiveCfg = Release|Any CPU
		{E24112C7-28C1-4F42-A7FE-0FBD4B239597}.Release|x64.Build.0 = Release|Any CPU
		{E24112C7-28C1-4F42-A7FE-0FBD4B239597}.Release|x86.ActiveCfg = Release|Any CPU
		{E24112C7-28C1-4F42-A7FE-0FBD4B239597}.Release|x86.Build.0 = Release|Any CPU
	EndGlobalSection
EndGlobal
